speakeasyVersion: 1.796.4
sources:
    Semva:
        sourceNamespace: semva
        sourceRevisionDigest: sha256:8422aeaad9520a96619b3244bba621b3e65bd4c5ea9846c0d762bbceb2dd70de
        sourceBlobDigest: sha256:9e720a134fb71039e78b4c76285bf43d7109add32081900f7b6e575c56a03577
        tags:
            - latest
            - 0.1.0
targets:
    semva:
        source: Semva
        sourceNamespace: semva
        sourceRevisionDigest: sha256:8422aeaad9520a96619b3244bba621b3e65bd4c5ea9846c0d762bbceb2dd70de
        sourceBlobDigest: sha256:9e720a134fb71039e78b4c76285bf43d7109add32081900f7b6e575c56a03577
workflow:
    workflowVersion: 1.0.0
    speakeasyVersion: latest
    sources:
        Semva:
            inputs:
                - location: https://api.semva.dev/openapi.json
            output: .speakeasy/out.openapi.yaml
            registry:
                location: registry.speakeasyapi.dev/panora-technologies-inc/semva/semva
    targets:
        semva:
            target: cli
            source: Semva
