speakeasyVersion: 1.796.4
sources:
    Semva:
        sourceNamespace: semva
        sourceRevisionDigest: sha256:bdb38aea96ef10a2cfc403f16ab9cbd91f7bb27c2d06969d7ae5883053af6c95
        sourceBlobDigest: sha256:216902cf20f38c617a6e6d014461c0c4ef867bf7217b02271048940047c097a1
        tags:
            - latest
            - 0.1.0
targets:
    semva:
        source: Semva
        sourceNamespace: semva
        sourceRevisionDigest: sha256:bdb38aea96ef10a2cfc403f16ab9cbd91f7bb27c2d06969d7ae5883053af6c95
        sourceBlobDigest: sha256:216902cf20f38c617a6e6d014461c0c4ef867bf7217b02271048940047c097a1
workflow:
    workflowVersion: 1.0.0
    speakeasyVersion: latest
    sources:
        Semva:
            inputs:
                - location: https://api.semva.dev/openapi.json
            overlays:
                - location: ./.speakeasy/api-key-only.yaml
            output: .speakeasy/out.openapi.yaml
            registry:
                location: registry.speakeasyapi.dev/panora-technologies-inc/semva/semva
    targets:
        semva:
            target: cli
            source: Semva
